
Microsoft Visual Studio Solution File, Format Version 12.00
# Visual Studio 14
VisualStudioVersion = 14.0.25420.1
MinimumVisualStudioVersion = 10.0.40219.1
Project("{FAE04EC0-301F-11D3-BF4B-00C04F79EFBC}") = "Fibonacci.Tests", "Fibonacci.Tests\Fibonacci.Tests.csproj", "{5C3253AF-C82F-4B09-9F6A-739F1F43D2B7}"
EndProject
Project("{FAE04EC0-301F-11D3-BF4B-00C04F79EFBC}") = "Fibonacci.Initiator", "Fibonacci.Initiator\Fibonacci.Initiator.csproj", "{F66CE81B-4EED-4B16-AD55-BEAEFFEC68D5}"
EndProject
Project("{FAE04EC0-301F-11D3-BF4B-00C04F79EFBC}") = "Fibonacci.Contracts", "Fibonacci.Contracts\Fibonacci.Contracts.csproj", "{2B46CE3C-5A13-4495-AF59-EB98151A5C84}"
EndProject
Project("{FAE04EC0-301F-11D3-BF4B-00C04F79EFBC}") = "Fibonacci.BusinessLogic", "Fibonacci.BusinessLogic\Fibonacci.BusinessLogic.csproj", "{CAF0CB9A-76DD-482D-812E-168CB0CA7EA8}"
EndProject
Project("{FAE04EC0-301F-11D3-BF4B-00C04F79EFBC}") = "Fibonacci.Responder", "Fibonacci.Responder\Fibonacci.Responder.csproj", "{A2F436F8-A3B2-4DF2-834C-663165FBFD6F}"
EndProject
Global
	GlobalSection(SolutionConfigurationPlatforms) = preSolution
		Debug|Any CPU = Debug|Any CPU
		Release|Any CPU = Release|Any CPU
	EndGlobalSection
	GlobalSection(ProjectConfigurationPlatforms) = postSolution
		{5C3253AF-C82F-4B09-9F6A-739F1F43D2B7}.Debug|Any CPU.ActiveCfg = Debug|Any CPU
		{5C3253AF-C82F-4B09-9F6A-739F1F43D2B7}.Debug|Any CPU.Build.0 = Debug|Any CPU
		{5C3253AF-C82F-4B09-9F6A-739F1F43D2B7}.Release|Any CPU.ActiveCfg = Release|Any CPU
		{5C3253AF-C82F-4B09-9F6A-739F1F43D2B7}.Release|Any CPU.Build.0 = Release|Any CPU
		{F66CE81B-4EED-4B16-AD55-BEAEFFEC68D5}.Debug|Any CPU.ActiveCfg = Debug|Any CPU
		{F66CE81B-4EED-4B16-AD55-BEAEFFEC68D5}.Debug|Any CPU.Build.0 = Debug|Any CPU
		{F66CE81B-4EED-4B16-AD55-BEAEFFEC68D5}.Release|Any CPU.ActiveCfg = Release|Any CPU
		{F66CE81B-4EED-4B16-AD55-BEAEFFEC68D5}.Release|Any CPU.Build.0 = Release|Any CPU
		{2B46CE3C-5A13-4495-AF59-EB98151A5C84}.Debug|Any CPU.ActiveCfg = Debug|Any CPU
		{2B46CE3C-5A13-4495-AF59-EB98151A5C84}.Debug|Any CPU.Build.0 = Debug|Any CPU
		{2B46CE3C-5A13-4495-AF59-EB98151A5C84}.Release|Any CPU.ActiveCfg = Release|Any CPU
		{2B46CE3C-5A13-4495-AF59-EB98151A5C84}.Release|Any CPU.Build.0 = Release|Any CPU
		{CAF0CB9A-76DD-482D-812E-168CB0CA7EA8}.Debug|Any CPU.ActiveCfg = Debug|Any CPU
		{CAF0CB9A-76DD-482D-812E-168CB0CA7EA8}.Debug|Any CPU.Build.0 = Debug|Any CPU
		{CAF0CB9A-76DD-482D-812E-168CB0CA7EA8}.Release|Any CPU.ActiveCfg = Release|Any CPU
		{CAF0CB9A-76DD-482D-812E-168CB0CA7EA8}.Release|Any CPU.Build.0 = Release|Any CPU
		{A2F436F8-A3B2-4DF2-834C-663165FBFD6F}.Debug|Any CPU.ActiveCfg = Debug|Any CPU
		{A2F436F8-A3B2-4DF2-834C-663165FBFD6F}.Debug|Any CPU.Build.0 = Debug|Any CPU
		{A2F436F8-A3B2-4DF2-834C-663165FBFD6F}.Release|Any CPU.ActiveCfg = Release|Any CPU
		{A2F436F8-A3B2-4DF2-834C-663165FBFD6F}.Release|Any CPU.Build.0 = Release|Any CPU
	EndGlobalSection
	GlobalSection(SolutionProperties) = preSolution
		HideSolutionNode = FALSE
	EndGlobalSection
EndGlobal
